
Microsoft Visual Studio Solution File, Format Version 12.00
# Visual Studio Version 17
VisualStudioVersion = 17.11.35208.52
MinimumVisualStudioVersion = 10.0.40219.1
Project("{FAE04EC0-301F-11D3-BF4B-00C04F79EFBC}") = "ADRIAN_GUTIERREZ_CARBALLO_EXAMEN_FINAL", "ADRIAN_GUTIERREZ_CARBALLO_EXAMEN_FINAL\ADRIAN_GUTIERREZ_CARBALLO_EXAMEN_FINAL.csproj", "{84CF2617-380D-4998-AA8D-D846E46545AF}"
EndProject
Global
	GlobalSection(SolutionConfigurationPlatforms) = preSolution
		Debug|Any CPU = Debug|Any CPU
		Release|Any CPU = Release|Any CPU
	EndGlobalSection
	GlobalSection(ProjectConfigurationPlatforms) = postSolution
		{84CF2617-380D-4998-AA8D-D846E46545AF}.Debug|Any CPU.ActiveCfg = Debug|Any CPU
		{84CF2617-380D-4998-AA8D-D846E46545AF}.Debug|Any CPU.Build.0 = Debug|Any CPU
		{84CF2617-380D-4998-AA8D-D846E46545AF}.Release|Any CPU.ActiveCfg = Release|Any CPU
		{84CF2617-380D-4998-AA8D-D846E46545AF}.Release|Any CPU.Build.0 = Release|Any CPU
	EndGlobalSection
	GlobalSection(SolutionProperties) = preSolution
		HideSolutionNode = FALSE
	EndGlobalSection
	GlobalSection(ExtensibilityGlobals) = postSolution
		SolutionGuid = {3215ADD6-C194-4F5E-B23A-C47AE3951A98}
	EndGlobalSection
EndGlobal
